
Microsoft Visual Studio Solution File, Format Version 12.00
# Visual Studio Version 16
VisualStudioVersion = 16.0.31205.134
MinimumVisualStudioVersion = 10.0.40219.1
Project("{FAE04EC0-301F-11D3-BF4B-00C04F79EFBC}") = "Project3_WPF", "Project3_WPF\Project3_WPF.csproj", "{40AFFCCA-4828-42A0-A8D0-54DBAC08B221}"
EndProject
Global
	GlobalSection(SolutionConfigurationPlatforms) = preSolution
		Debug|Any CPU = Debug|Any CPU
		Release|Any CPU = Release|Any CPU
	EndGlobalSection
	GlobalSection(ProjectConfigurationPlatforms) = postSolution
		{40AFFCCA-4828-42A0-A8D0-54DBAC08B221}.Debug|Any CPU.ActiveCfg = Debug|Any CPU
		{40AFFCCA-4828-42A0-A8D0-54DBAC08B221}.Debug|Any CPU.Build.0 = Debug|Any CPU
		{40AFFCCA-4828-42A0-A8D0-54DBAC08B221}.Release|Any CPU.ActiveCfg = Release|Any CPU
		{40AFFCCA-4828-42A0-A8D0-54DBAC08B221}.Release|Any CPU.Build.0 = Release|Any CPU
	EndGlobalSection
	GlobalSection(SolutionProperties) = preSolution
		HideSolutionNode = FALSE
	EndGlobalSection
	GlobalSection(ExtensibilityGlobals) = postSolution
		SolutionGuid = {FBB06CAB-202B-4373-8952-C3A28A024CF3}
	EndGlobalSection
EndGlobal
